{
  "name": "narik-app-core",
  "version": "0.1.0",
  "lockfileVersion": 1,
  "requires": true,
  "dependencies": {
    "@ngx-translate/core": {
      "version": "11.0.0",
      "resolved": "https://registry.npmjs.org/@ngx-translate/core/-/core-11.0.0.tgz",
      "integrity": "sha512-wCeHhDqrkt1h8gApyzxEQcDLGJ/LcihNMmk0BPT3BMn/4R+pDoBEG2ZyjcYpj1Wt36zBCXONTSzBD9vPclfWzQ==",
      "requires": {
        "tslib": "^1.9.0"
      }
    },
    "tslib": {
      "version": "1.9.3",
      "resolved": "https://registry.npmjs.org/tslib/-/tslib-1.9.3.tgz",
      "integrity": "sha512-4krF8scpejhaOgqzBEcGM7yDIEfi0/8+8zDRZhNZZ2kjmHJ4hv3zCbQWxoJGz1iw5U0Jl0nma13xzHXcncMavQ=="
    }
  }
}
