{
  "name": "narik-ui-material",
  "version": "0.1.0",
  "lockfileVersion": 1,
  "requires": true,
  "dependencies": {
    "@angular/animations": {
      "version": "7.0.2",
      "resolved": "https://registry.npmjs.org/@angular/animations/-/animations-7.0.2.tgz",
      "integrity": "sha512-4EqCmfqbqIrMMf9WPiUpVqV+19z6BDtaRPAC6QXU6lcl0Lq67fw6a0yJ6ZvFXThPot3L6NNxmvbO2inzpiVV9A==",
      "requires": {
        "tslib": "^1.9.0"
      }
    },
    "@angular/cdk": {
      "version": "7.0.2",
      "resolved": "https://registry.npmjs.org/@angular/cdk/-/cdk-7.0.2.tgz",
      "integrity": "sha512-MAugJsjQ3ye2RX7vNjd9IN1c7enAxJaCz9UZBFuzfo/pNxvjaEObFmF2NUKyU1DctknqjyOzZYYg0e+bBxrBbQ==",
      "requires": {
        "parse5": "^5.0.0",
        "tslib": "^1.7.1"
      }
    },
    "@angular/material": {
      "version": "7.0.2",
      "resolved": "https://registry.npmjs.org/@angular/material/-/material-7.0.2.tgz",
      "integrity": "sha512-zJ9nw+RwfRtkrifpafc9bM5HLPpbSmtYXkO3a2GSiE83jocdiC9wzpdmyhdJ/wvRoMyVmsx5vdQSqaFh03jhjA==",
      "requires": {
        "tslib": "^1.7.1"
      }
    },
    "parse5": {
      "version": "5.1.0",
      "resolved": "https://registry.npmjs.org/parse5/-/parse5-5.1.0.tgz",
      "integrity": "sha512-fxNG2sQjHvlVAYmzBZS9YlDp6PTSSDwa98vkD4QgVDDCAo84z5X1t5XyJQ62ImdLXx5NdIIfihey6xpum9/gRQ==",
      "optional": true
    },
    "tslib": {
      "version": "1.9.3",
      "resolved": "https://registry.npmjs.org/tslib/-/tslib-1.9.3.tgz",
      "integrity": "sha512-4krF8scpejhaOgqzBEcGM7yDIEfi0/8+8zDRZhNZZ2kjmHJ4hv3zCbQWxoJGz1iw5U0Jl0nma13xzHXcncMavQ=="
    }
  }
}
